
Microsoft Visual Studio Solution File, Format Version 12.00
# Visual Studio Version 17
VisualStudioVersion = 17.5.33627.172
MinimumVisualStudioVersion = 10.0.40219.1
Project("{FAE04EC0-301F-11D3-BF4B-00C04F79EFBC}") = "WeatherApp", "WeatherApp\WeatherApp.csproj", "{935BB2E1-B28D-4F15-A9C9-C3C2FAAF9304}"
EndProject
Global
	GlobalSection(SolutionConfigurationPlatforms) = preSolution
		Debug|Any CPU = Debug|Any CPU
		Release|Any CPU = Release|Any CPU
	EndGlobalSection
	GlobalSection(ProjectConfigurationPlatforms) = postSolution
		{935BB2E1-B28D-4F15-A9C9-C3C2FAAF9304}.Debug|Any CPU.ActiveCfg = Debug|Any CPU
		{935BB2E1-B28D-4F15-A9C9-C3C2FAAF9304}.Debug|Any CPU.Build.0 = Debug|Any CPU
		{935BB2E1-B28D-4F15-A9C9-C3C2FAAF9304}.Release|Any CPU.ActiveCfg = Release|Any CPU
		{935BB2E1-B28D-4F15-A9C9-C3C2FAAF9304}.Release|Any CPU.Build.0 = Release|Any CPU
	EndGlobalSection
	GlobalSection(SolutionProperties) = preSolution
		HideSolutionNode = FALSE
	EndGlobalSection
	GlobalSection(ExtensibilityGlobals) = postSolution
		SolutionGuid = {D6C1E4F2-98D2-4D91-873F-BEAB5F698B53}
	EndGlobalSection
EndGlobal
